
Microsoft Visual Studio Solution File, Format Version 12.00
# Visual Studio 15
VisualStudioVersion = 15.0.28307.705
MinimumVisualStudioVersion = 10.0.40219.1
Project("{9A19103F-16F7-4668-BE54-9A1E7A4F7556}") = "EmployeeManagement", "EmployeeManagement\EmployeeManagement.csproj", "{72BDE0F9-19CA-49F7-ABA1-B0C67052319B}"
EndProject
Project("{FAE04EC0-301F-11D3-BF4B-00C04F79EFBC}") = "EmployeeTest", "EmployeeTest\EmployeeTest.csproj", "{D8D4F143-6D36-42C8-BEF1-5984A4C2D2E8}"
EndProject
Global
	GlobalSection(SolutionConfigurationPlatforms) = preSolution
		Debug|Any CPU = Debug|Any CPU
		Release|Any CPU = Release|Any CPU
	EndGlobalSection
	GlobalSection(ProjectConfigurationPlatforms) = postSolution
		{72BDE0F9-19CA-49F7-ABA1-B0C67052319B}.Debug|Any CPU.ActiveCfg = Debug|Any CPU
		{72BDE0F9-19CA-49F7-ABA1-B0C67052319B}.Debug|Any CPU.Build.0 = Debug|Any CPU
		{72BDE0F9-19CA-49F7-ABA1-B0C67052319B}.Release|Any CPU.ActiveCfg = Release|Any CPU
		{72BDE0F9-19CA-49F7-ABA1-B0C67052319B}.Release|Any CPU.Build.0 = Release|Any CPU
		{D8D4F143-6D36-42C8-BEF1-5984A4C2D2E8}.Debug|Any CPU.ActiveCfg = Debug|Any CPU
		{D8D4F143-6D36-42C8-BEF1-5984A4C2D2E8}.Debug|Any CPU.Build.0 = Debug|Any CPU
		{D8D4F143-6D36-42C8-BEF1-5984A4C2D2E8}.Release|Any CPU.ActiveCfg = Release|Any CPU
		{D8D4F143-6D36-42C8-BEF1-5984A4C2D2E8}.Release|Any CPU.Build.0 = Release|Any CPU
	EndGlobalSection
	GlobalSection(SolutionProperties) = preSolution
		HideSolutionNode = FALSE
	EndGlobalSection
	GlobalSection(ExtensibilityGlobals) = postSolution
		SolutionGuid = {89BED244-82AD-4AB1-8B2E-334041128FB0}
	EndGlobalSection
EndGlobal
